
Microsoft Visual Studio Solution File, Format Version 12.00
# Visual Studio Version 17
VisualStudioVersion = 17.12.35527.113
MinimumVisualStudioVersion = 10.0.40219.1
Project("{FAE04EC0-301F-11D3-BF4B-00C04F79EFBC}") = "RankTracker.API", "RankTracker.API\RankTracker.API.csproj", "{E8FC038A-CC2F-445E-AD8B-3B1F97691A5A}"
EndProject
Project("{FAE04EC0-301F-11D3-BF4B-00C04F79EFBC}") = "RankTracker.Core", "RankTracker.Core\RankTracker.Core.csproj", "{1862AB7C-CA31-469A-A9FB-B38E64580F7F}"
EndProject
Project("{FAE04EC0-301F-11D3-BF4B-00C04F79EFBC}") = "RankTracker.EFCore", "RankTracker.EFCore\RankTracker.EFCore.csproj", "{5638D9BB-C86D-4AA9-8927-E46884EF12F1}"
EndProject
Global
	GlobalSection(SolutionConfigurationPlatforms) = preSolution
		Debug|Any CPU = Debug|Any CPU
		Release|Any CPU = Release|Any CPU
	EndGlobalSection
	GlobalSection(ProjectConfigurationPlatforms) = postSolution
		{E8FC038A-CC2F-445E-AD8B-3B1F97691A5A}.Debug|Any CPU.ActiveCfg = Debug|Any CPU
		{E8FC038A-CC2F-445E-AD8B-3B1F97691A5A}.Debug|Any CPU.Build.0 = Debug|Any CPU
		{E8FC038A-CC2F-445E-AD8B-3B1F97691A5A}.Release|Any CPU.ActiveCfg = Release|Any CPU
		{E8FC038A-CC2F-445E-AD8B-3B1F97691A5A}.Release|Any CPU.Build.0 = Release|Any CPU
		{1862AB7C-CA31-469A-A9FB-B38E64580F7F}.Debug|Any CPU.ActiveCfg = Debug|Any CPU
		{1862AB7C-CA31-469A-A9FB-B38E64580F7F}.Debug|Any CPU.Build.0 = Debug|Any CPU
		{1862AB7C-CA31-469A-A9FB-B38E64580F7F}.Release|Any CPU.ActiveCfg = Release|Any CPU
		{1862AB7C-CA31-469A-A9FB-B38E64580F7F}.Release|Any CPU.Build.0 = Release|Any CPU
		{5638D9BB-C86D-4AA9-8927-E46884EF12F1}.Debug|Any CPU.ActiveCfg = Debug|Any CPU
		{5638D9BB-C86D-4AA9-8927-E46884EF12F1}.Debug|Any CPU.Build.0 = Debug|Any CPU
		{5638D9BB-C86D-4AA9-8927-E46884EF12F1}.Release|Any CPU.ActiveCfg = Release|Any CPU
		{5638D9BB-C86D-4AA9-8927-E46884EF12F1}.Release|Any CPU.Build.0 = Release|Any CPU
	EndGlobalSection
	GlobalSection(SolutionProperties) = preSolution
		HideSolutionNode = FALSE
	EndGlobalSection
EndGlobal
